
Microsoft Visual Studio Solution File, Format Version 12.00
# Visual Studio Version 16
VisualStudioVersion = 16.0.30621.155
MinimumVisualStudioVersion = 10.0.40219.1
Project("{FAE04EC0-301F-11D3-BF4B-00C04F79EFBC}") = "InterfaceRobot", "InterfaceRobot.csproj", "{606319E6-A2A4-40A4-9582-A4C99C67C96A}"
EndProject
Project("{FAE04EC0-301F-11D3-BF4B-00C04F79EFBC}") = "ExtendedSerialPort", "..\ExtendedSerialPort\ExtendedSerialPort.csproj", "{21AC599E-E3D5-4181-AA0F-7C2E00CCA016}"
EndProject
Global
	GlobalSection(SolutionConfigurationPlatforms) = preSolution
		Debug|Any CPU = Debug|Any CPU
		Debug|x64 = Debug|x64
		Release|Any CPU = Release|Any CPU
		Release|x64 = Release|x64
	EndGlobalSection
	GlobalSection(ProjectConfigurationPlatforms) = postSolution
		{606319E6-A2A4-40A4-9582-A4C99C67C96A}.Debug|Any CPU.ActiveCfg = Debug|Any CPU
		{606319E6-A2A4-40A4-9582-A4C99C67C96A}.Debug|Any CPU.Build.0 = Debug|Any CPU
		{606319E6-A2A4-40A4-9582-A4C99C67C96A}.Debug|x64.ActiveCfg = Debug|Any CPU
		{606319E6-A2A4-40A4-9582-A4C99C67C96A}.Debug|x64.Build.0 = Debug|Any CPU
		{606319E6-A2A4-40A4-9582-A4C99C67C96A}.Release|Any CPU.ActiveCfg = Release|Any CPU
		{606319E6-A2A4-40A4-9582-A4C99C67C96A}.Release|Any CPU.Build.0 = Release|Any CPU
		{606319E6-A2A4-40A4-9582-A4C99C67C96A}.Release|x64.ActiveCfg = Release|Any CPU
		{606319E6-A2A4-40A4-9582-A4C99C67C96A}.Release|x64.Build.0 = Release|Any CPU
		{21AC599E-E3D5-4181-AA0F-7C2E00CCA016}.Debug|Any CPU.ActiveCfg = Debug|Any CPU
		{21AC599E-E3D5-4181-AA0F-7C2E00CCA016}.Debug|Any CPU.Build.0 = Debug|Any CPU
		{21AC599E-E3D5-4181-AA0F-7C2E00CCA016}.Debug|x64.ActiveCfg = Debug|x64
		{21AC599E-E3D5-4181-AA0F-7C2E00CCA016}.Debug|x64.Build.0 = Debug|x64
		{21AC599E-E3D5-4181-AA0F-7C2E00CCA016}.Release|Any CPU.ActiveCfg = Release|Any CPU
		{21AC599E-E3D5-4181-AA0F-7C2E00CCA016}.Release|Any CPU.Build.0 = Release|Any CPU
		{21AC599E-E3D5-4181-AA0F-7C2E00CCA016}.Release|x64.ActiveCfg = Release|x64
		{21AC599E-E3D5-4181-AA0F-7C2E00CCA016}.Release|x64.Build.0 = Release|x64
	EndGlobalSection
	GlobalSection(SolutionProperties) = preSolution
		HideSolutionNode = FALSE
	EndGlobalSection
	GlobalSection(ExtensibilityGlobals) = postSolution
		SolutionGuid = {2BC0FB95-6728-4275-A76B-8F2CAEF05C89}
	EndGlobalSection
EndGlobal
